# THIS IS AN AUTOGENERATED FILE. DO NOT EDIT THIS FILE DIRECTLY.
# yarn lockfile v1


"@types/node@*":
  version "11.11.3"
  resolved "https://registry.yarnpkg.com/@types/node/-/node-11.11.3.tgz#7c6b0f8eaf16ae530795de2ad1b85d34bf2f5c58"

"@types/uuid@^3.4.4":
  version "3.4.4"
  resolved "https://registry.yarnpkg.com/@types/uuid/-/uuid-3.4.4.tgz#7af69360fa65ef0decb41fd150bf4ca5c0cefdf5"
  dependencies:
    "@types/node" "*"

uuid@^3.3.2:
  version "3.3.2"
  resolved "https://registry.yarnpkg.com/uuid/-/uuid-3.3.2.tgz#1b4af4955eb3077c501c23872fc6513811587131"
